
Microsoft Visual Studio Solution File, Format Version 12.00
# Visual Studio Version 17
VisualStudioVersion = 17.6.33723.286
MinimumVisualStudioVersion = 10.0.40219.1
Project("{FAE04EC0-301F-11D3-BF4B-00C04F79EFBC}") = "AutoSalon", "AutoSalon\AutoSalon.csproj", "{6B8CDB18-BCE6-4094-A919-C00A18EB47CD}"
EndProject
Global
	GlobalSection(SolutionConfigurationPlatforms) = preSolution
		Debug|Any CPU = Debug|Any CPU
		Release|Any CPU = Release|Any CPU
	EndGlobalSection
	GlobalSection(ProjectConfigurationPlatforms) = postSolution
		{6B8CDB18-BCE6-4094-A919-C00A18EB47CD}.Debug|Any CPU.ActiveCfg = Debug|Any CPU
		{6B8CDB18-BCE6-4094-A919-C00A18EB47CD}.Debug|Any CPU.Build.0 = Debug|Any CPU
		{6B8CDB18-BCE6-4094-A919-C00A18EB47CD}.Release|Any CPU.ActiveCfg = Release|Any CPU
		{6B8CDB18-BCE6-4094-A919-C00A18EB47CD}.Release|Any CPU.Build.0 = Release|Any CPU
	EndGlobalSection
	GlobalSection(SolutionProperties) = preSolution
		HideSolutionNode = FALSE
	EndGlobalSection
	GlobalSection(ExtensibilityGlobals) = postSolution
		SolutionGuid = {950C8546-89DB-4B51-9D7C-71AD3910684B}
	EndGlobalSection
EndGlobal
